<?xml version="1.0" encoding="utf-8"?>
<Project ToolsVersion="4.0" xmlns="http://schemas.microsoft.com/developer/msbuild/2003">
  <ItemGroup>
    <Filter Include="Source Files">
      <UniqueIdentifier>{2561fd0a-3f88-4bfe-8699-3b42344a949a}</UniqueIdentifier>
    </Filter>
    <Filter Include="Header Files">
      <UniqueIdentifier>{fcdc61e1-0115-4d45-9049-221fefa8c941}</UniqueIdentifier>
    </Filter>
  </ItemGroup>
  <ItemGroup>
    <ClCompile Include="main.cpp">
      <Filter>Source Files</Filter>
    </ClCompile>
    <ClCompile Include="FileIn.cpp">
      <Filter>Source Files</Filter>
    </ClCompile>
    <ClCompile Include="DTL.cpp">
      <Filter>Source Files</Filter>
    </ClCompile>
    <ClCompile Include="Classify.cpp">
      <Filter>Source Files</Filter>
    </ClCompile>
  </ItemGroup>
  <ItemGroup>
    <Text Include="dt_train.txt" />
    <Text Include="dt_test.txt" />
    <Text Include="dt_result.txt" />
    <Text Include="dt_train1.txt" />
    <Text Include="dt_test1.txt" />
  </ItemGroup>
  <ItemGroup>
    <ClInclude Include="DT.h">
      <Filter>Header Files</Filter>
    </ClInclude>
  </ItemGroup>
</Project>